# THIS IS AN AUTOGENERATED FILE. DO NOT EDIT THIS FILE DIRECTLY.
# yarn lockfile v1


amdefine@>=0.0.4, amdefine@^1.0.1:
  version "1.0.1"
  resolved "https://registry.yarnpkg.com/amdefine/-/amdefine-1.0.1.tgz#4a5282ac164729e93619bcfd3ad151f817ce91f5"

stablematch@^0.0.4:
  version "0.0.4"
  resolved "https://registry.yarnpkg.com/stablematch/-/stablematch-0.0.4.tgz#b727e277928e40c9f91873f1dde1fcf0b1113c0c"
  dependencies:
    amdefine ">=0.0.4"
    underscore ">=1.4.2"

underscore@>=1.4.2:
  version "1.8.3"
  resolved "https://registry.yarnpkg.com/underscore/-/underscore-1.8.3.tgz#4f3fb53b106e6097fcf9cb4109f2a5e9bdfa5022"
